# This file is automatically @generated by Cargo.
# It is not intended for manual editing.
version = 3

[[package]]
name = "proc-macro2"
version = "1.0.106"
source = "registry+https://github.com/rust-lang/crates.io-index"
checksum = "8fd00f0bb2e90d81d1044c2b32617f68fcb9fa3bb7640c23e9c748e53fb30934"
dependencies = [
 "unicode-ident",
]

[[package]]
name = "quote"
version = "1.0.45"
source = "registry+https://github.com/rust-lang/crates.io-index"
checksum = "41f2619966050689382d2b44f664f4bc593e129785a36d6ee376ddf37259b924"
dependencies = [
 "proc-macro2",
]

[[package]]
name = "sh-adaptive"
version = "0.0.0"

[[package]]
name = "sh-core"
version = "0.0.0"
dependencies = [
 "sh-types",
]

[[package]]
name = "sh-crypto"
version = "0.0.0"

[[package]]
name = "sh-ice"
version = "0.0.0"

[[package]]
name = "sh-media"
version = "0.0.0"

[[package]]
name = "sh-protocol"
version = "0.0.0"

[[package]]
name = "sh-render"
version = "0.0.0"

[[package]]
name = "sh-signaling"
version = "0.0.0"

[[package]]
name = "sh-transport"
version = "0.0.0"

[[package]]
name = "sh-types"
version = "0.0.0"
dependencies = [
 "thiserror",
]

[[package]]
name = "streamhaul-client"
version = "0.0.0"
dependencies = [
 "sh-core",
]

[[package]]
name = "streamhaul-host"
version = "0.0.0"
dependencies = [
 "sh-core",
]

[[package]]
name = "syn"
version = "2.0.118"
source = "registry+https://github.com/rust-lang/crates.io-index"
checksum = "1b9ae57f904213ebb649ce6895b8a66c66f0203b9319718f69a5612a065b1422"
dependencies = [
 "proc-macro2",
 "quote",
 "unicode-ident",
]

[[package]]
name = "thiserror"
version = "2.0.18"
source = "registry+https://github.com/rust-lang/crates.io-index"
checksum = "4288b5bcbc7920c07a1149a35cf9590a2aa808e0bc1eafaade0b80947865fbc4"
dependencies = [
 "thiserror-impl",
]

[[package]]
name = "thiserror-impl"
version = "2.0.18"
source = "registry+https://github.com/rust-lang/crates.io-index"
checksum = "ebc4ee7f67670e9b64d05fa4253e753e016c6c95ff35b89b7941d6b856dec1d5"
dependencies = [
 "proc-macro2",
 "quote",
 "syn",
]

[[package]]
name = "unicode-ident"
version = "1.0.24"
source = "registry+https://github.com/rust-lang/crates.io-index"
checksum = "e6e4313cd5fcd3dad5cafa179702e2b244f760991f45397d14d4ebf38247da75"
